
Microsoft Visual Studio Solution File, Format Version 12.00
# Visual Studio Version 16
VisualStudioVersion = 16.0.31205.134
MinimumVisualStudioVersion = 10.0.40219.1
Project("{FAE04EC0-301F-11D3-BF4B-00C04F79EFBC}") = "NHS_Track_Trace_POC", "NHS_Track_Trace_POC\NHS_Track_Trace_POC.csproj", "{5233350B-8AE9-4E13-A83C-ED77E8BB7A10}"
EndProject
Global
	GlobalSection(SolutionConfigurationPlatforms) = preSolution
		Debug|Any CPU = Debug|Any CPU
		Release|Any CPU = Release|Any CPU
	EndGlobalSection
	GlobalSection(ProjectConfigurationPlatforms) = postSolution
		{5233350B-8AE9-4E13-A83C-ED77E8BB7A10}.Debug|Any CPU.ActiveCfg = Debug|Any CPU
		{5233350B-8AE9-4E13-A83C-ED77E8BB7A10}.Debug|Any CPU.Build.0 = Debug|Any CPU
		{5233350B-8AE9-4E13-A83C-ED77E8BB7A10}.Release|Any CPU.ActiveCfg = Release|Any CPU
		{5233350B-8AE9-4E13-A83C-ED77E8BB7A10}.Release|Any CPU.Build.0 = Release|Any CPU
	EndGlobalSection
	GlobalSection(SolutionProperties) = preSolution
		HideSolutionNode = FALSE
	EndGlobalSection
	GlobalSection(ExtensibilityGlobals) = postSolution
		SolutionGuid = {3971043D-3732-4D74-8886-941B9542A249}
	EndGlobalSection
EndGlobal
